
Microsoft Visual Studio Solution File, Format Version 12.00
# Visual Studio Version 17
VisualStudioVersion = 17.0.31903.59
MinimumVisualStudioVersion = 10.0.40219.1
Project("{FAE04EC0-301F-11D3-BF4B-00C04F79EFBC}") = "School-Programming-Project", "School-Programming-Project\School-Programming-Project.csproj", "{229353F8-125B-4D2B-BC87-45D9E056995D}"
EndProject
Global
	GlobalSection(SolutionConfigurationPlatforms) = preSolution
		Debug|Any CPU = Debug|Any CPU
		Release|Any CPU = Release|Any CPU
	EndGlobalSection
	GlobalSection(SolutionProperties) = preSolution
		HideSolutionNode = FALSE
	EndGlobalSection
	GlobalSection(ProjectConfigurationPlatforms) = postSolution
		{229353F8-125B-4D2B-BC87-45D9E056995D}.Debug|Any CPU.ActiveCfg = Debug|Any CPU
		{229353F8-125B-4D2B-BC87-45D9E056995D}.Debug|Any CPU.Build.0 = Debug|Any CPU
		{229353F8-125B-4D2B-BC87-45D9E056995D}.Release|Any CPU.ActiveCfg = Release|Any CPU
		{229353F8-125B-4D2B-BC87-45D9E056995D}.Release|Any CPU.Build.0 = Release|Any CPU
	EndGlobalSection
EndGlobal
